
Microsoft Visual Studio Solution File, Format Version 12.00
# Visual Studio 15
VisualStudioVersion = 15.0.26430.15
MinimumVisualStudioVersion = 10.0.40219.1
Project("{FAE04EC0-301F-11D3-BF4B-00C04F79EFBC}") = "MagicCuisine", "MagicCuisine\MagicCuisine.csproj", "{52640781-5C3E-4A4B-A6EB-F7D93753EBBD}"
EndProject
Project("{FAE04EC0-301F-11D3-BF4B-00C04F79EFBC}") = "MagicCuisine.Tests", "MagicCuisine.Tests\MagicCuisine.Tests.csproj", "{BB09D20C-1003-49B5-8F71-FE740A1B0554}"
EndProject
Project("{FAE04EC0-301F-11D3-BF4B-00C04F79EFBC}") = "Data", "Data\Data.csproj", "{DB7BD3B3-CFF5-4982-93D9-81B3F552ADF1}"
EndProject
Project("{FAE04EC0-301F-11D3-BF4B-00C04F79EFBC}") = "Services", "Services\Services.csproj", "{9E526454-3B43-47EA-853E-7351EFC20296}"
EndProject
Global
	GlobalSection(SolutionConfigurationPlatforms) = preSolution
		Debug|Any CPU = Debug|Any CPU
		Release|Any CPU = Release|Any CPU
	EndGlobalSection
	GlobalSection(ProjectConfigurationPlatforms) = postSolution
		{52640781-5C3E-4A4B-A6EB-F7D93753EBBD}.Debug|Any CPU.ActiveCfg = Debug|Any CPU
		{52640781-5C3E-4A4B-A6EB-F7D93753EBBD}.Debug|Any CPU.Build.0 = Debug|Any CPU
		{52640781-5C3E-4A4B-A6EB-F7D93753EBBD}.Release|Any CPU.ActiveCfg = Release|Any CPU
		{52640781-5C3E-4A4B-A6EB-F7D93753EBBD}.Release|Any CPU.Build.0 = Release|Any CPU
		{BB09D20C-1003-49B5-8F71-FE740A1B0554}.Debug|Any CPU.ActiveCfg = Debug|Any CPU
		{BB09D20C-1003-49B5-8F71-FE740A1B0554}.Debug|Any CPU.Build.0 = Debug|Any CPU
		{BB09D20C-1003-49B5-8F71-FE740A1B0554}.Release|Any CPU.ActiveCfg = Release|Any CPU
		{BB09D20C-1003-49B5-8F71-FE740A1B0554}.Release|Any CPU.Build.0 = Release|Any CPU
		{DB7BD3B3-CFF5-4982-93D9-81B3F552ADF1}.Debug|Any CPU.ActiveCfg = Debug|Any CPU
		{DB7BD3B3-CFF5-4982-93D9-81B3F552ADF1}.Debug|Any CPU.Build.0 = Debug|Any CPU
		{DB7BD3B3-CFF5-4982-93D9-81B3F552ADF1}.Release|Any CPU.ActiveCfg = Release|Any CPU
		{DB7BD3B3-CFF5-4982-93D9-81B3F552ADF1}.Release|Any CPU.Build.0 = Release|Any CPU
		{9E526454-3B43-47EA-853E-7351EFC20296}.Debug|Any CPU.ActiveCfg = Debug|Any CPU
		{9E526454-3B43-47EA-853E-7351EFC20296}.Debug|Any CPU.Build.0 = Debug|Any CPU
		{9E526454-3B43-47EA-853E-7351EFC20296}.Release|Any CPU.ActiveCfg = Release|Any CPU
		{9E526454-3B43-47EA-853E-7351EFC20296}.Release|Any CPU.Build.0 = Release|Any CPU
	EndGlobalSection
	GlobalSection(SolutionProperties) = preSolution
		HideSolutionNode = FALSE
	EndGlobalSection
EndGlobal
